{
    "_meta": {
        "hash": {
            "sha256": "6ecd418176732495a657957d1c70e63e983d14eacf126ba8629cf9da7c343ca9"
        },
        "pipfile-spec": 6,
        "requires": {
            "python_version": "3.6"
        },
        "sources": [
            {
                "name": "pypi",
                "url": "https://pypi.org/simple",
                "verify_ssl": true
            }
        ]
    },
    "default": {
        "attrs": {
            "hashes": [
                "sha256:08a96c641c3a74e44eb59afb61a24f2cb9f4d7188748e76ba4bb5edfa3cb7d1c",
                "sha256:f7b7ce16570fe9965acd6d30101a28f62fb4a7f9e926b3bbc9b61f8b04247e72"
            ],
            "version": "==19.3.0"
        },
        "cycler": {
            "hashes": [
                "sha256:1d8a5ae1ff6c5cf9b93e8811e581232ad8920aeec647c37316ceac982b08cb2d",
                "sha256:cd7b2d1018258d7247a71425e9f26463dfb444d411c39569972f4ce586b0c9d8"
            ],
            "version": "==0.10.0"
        },
        "importlib-metadata": {
            "hashes": [
                "sha256:073a852570f92da5f744a3472af1b61e28e9f78ccf0c9117658dc32b15de7b45",
                "sha256:d95141fbfa7ef2ec65cfd945e2af7e5a6ddbd7c8d9a25e66ff3be8e3daf9f60f"
            ],
            "markers": "python_version < '3.8'",
            "version": "==1.3.0"
        },
        "joblib": {
            "hashes": [
                "sha256:0630eea4f5664c463f23fbf5dcfc54a2bc6168902719fa8e19daf033022786c8",
                "sha256:bdb4fd9b72915ffb49fde2229ce482dd7ae79d842ed8c2b4c932441495af1403"
            ],
            "version": "==0.14.1"
        },
        "kiwisolver": {
            "hashes": [
                "sha256:05b5b061e09f60f56244adc885c4a7867da25ca387376b02c1efc29cc16bcd0f",
                "sha256:210d8c39d01758d76c2b9a693567e1657ec661229bc32eac30761fa79b2474b0",
                "sha256:26f4fbd6f5e1dabff70a9ba0d2c4bd30761086454aa30dddc5b52764ee4852b7",
                "sha256:3b15d56a9cd40c52d7ab763ff0bc700edbb4e1a298dc43715ecccd605002cf11",
                "sha256:3b2378ad387f49cbb328205bda569b9f87288d6bc1bf4cd683c34523a2341efe",
                "sha256:400599c0fe58d21522cae0e8b22318e09d9729451b17ee61ba8e1e7c0346565c",
                "sha256:47b8cb81a7d18dbaf4fed6a61c3cecdb5adec7b4ac292bddb0d016d57e8507d5",
                "sha256:53eaed412477c836e1b9522c19858a8557d6e595077830146182225613b11a75",
                "sha256:58e626e1f7dfbb620d08d457325a4cdac65d1809680009f46bf41eaf74ad0187",
                "sha256:5a52e1b006bfa5be04fe4debbcdd2688432a9af4b207a3f429c74ad625022641",
                "sha256:5c7ca4e449ac9f99b3b9d4693debb1d6d237d1542dd6a56b3305fe8a9620f883",
                "sha256:682e54f0ce8f45981878756d7203fd01e188cc6c8b2c5e2cf03675390b4534d5",
                "sha256:76275ee077772c8dde04fb6c5bc24b91af1bb3e7f4816fd1852f1495a64dad93",
                "sha256:79bfb2f0bd7cbf9ea256612c9523367e5ec51d7cd616ae20ca2c90f575d839a2",
                "sha256:7f4dd50874177d2bb060d74769210f3bce1af87a8c7cf5b37d032ebf94f0aca3",
                "sha256:8944a16020c07b682df861207b7e0efcd2f46c7488619cb55f65882279119389",
                "sha256:8aa7009437640beb2768bfd06da049bad0df85f47ff18426261acecd1cf00897",
                "sha256:9105ce82dcc32c73eb53a04c869b6a4bc756b43e4385f76ea7943e827f529e4d",
                "sha256:933df612c453928f1c6faa9236161a1d999a26cd40abf1dc5d7ebbc6dbfb8fca",
                "sha256:939f36f21a8c571686eb491acfffa9c7f1ac345087281b412d63ea39ca14ec4a",
                "sha256:9491578147849b93e70d7c1d23cb1229458f71fc79c51d52dce0809b2ca44eea",
                "sha256:9733b7f64bd9f807832d673355f79703f81f0b3e52bfce420fc00d8cb28c6a6c",
                "sha256:a02f6c3e229d0b7220bd74600e9351e18bc0c361b05f29adae0d10599ae0e326",
                "sha256:a0c0a9f06872330d0dd31b45607197caab3c22777600e88031bfe66799e70bb0",
                "sha256:aa716b9122307c50686356cfb47bfbc66541868078d0c801341df31dca1232a9",
                "sha256:acc4df99308111585121db217681f1ce0eecb48d3a828a2f9bbf9773f4937e9e",
                "sha256:b64916959e4ae0ac78af7c3e8cef4becee0c0e9694ad477b4c6b3a536de6a544",
                "sha256:d22702cadb86b6fcba0e6b907d9f84a312db9cd6934ee728144ce3018e715ee1",
                "sha256:d3fcf0819dc3fea58be1fd1ca390851bdb719a549850e708ed858503ff25d995",
                "sha256:d52e3b1868a4e8fd18b5cb15055c76820df514e26aa84cc02f593d99fef6707f",
                "sha256:db1a5d3cc4ae943d674718d6c47d2d82488ddd94b93b9e12d24aabdbfe48caee",
                "sha256:e3a21a720791712ed721c7b95d433e036134de6f18c77dbe96119eaf7aa08004",
                "sha256:e8bf074363ce2babeb4764d94f8e65efd22e6a7c74860a4f05a6947afc020ff2",
                "sha256:f16814a4a96dc04bf1da7d53ee8d5b1d6decfc1a92a63349bb15d37b6a263dd9",
                "sha256:f2b22153870ca5cf2ab9c940d7bc38e8e9089fa0f7e5856ea195e1cf4ff43d5a",
                "sha256:f790f8b3dff3d53453de6a7b7ddd173d2e020fb160baff578d578065b108a05f",
                "sha256:fe51b79da0062f8e9d49ed0182a626a7dc7a0cbca0328f612c6ee5e4711c81e4"
            ],
            "version": "==1.1.0"
        },
        "matplotlib": {
            "hashes": [
                "sha256:08ccc8922eb4792b91c652d3e6d46b1c99073f1284d1b6705155643e8046463a",
                "sha256:161dcd807c0c3232f4dcd4a12a382d52004a498174cbfafd40646106c5bcdcc8",
                "sha256:1f9e885bfa1b148d16f82a6672d043ecf11197f6c71ae222d0546db706e52eb2",
                "sha256:2d6ab54015a7c0d727c33e36f85f5c5e4172059efdd067f7527f6e5d16ad01aa",
                "sha256:5d2e408a2813abf664bd79431107543ecb449136912eb55bb312317edecf597e",
                "sha256:61c8b740a008218eb604de518eb411c4953db0cb725dd0b32adf8a81771cab9e",
                "sha256:80f10af8378fccc136da40ea6aa4a920767476cdfb3241acb93ef4f0465dbf57",
                "sha256:819d4860315468b482f38f1afe45a5437f60f03eaede495d5ff89f2eeac89500",
                "sha256:8cc0e44905c2c8fda5637cad6f311eb9517017515a034247ab93d0cf99f8bb7a",
                "sha256:8e8e2c2fe3d873108735c6ee9884e6f36f467df4a143136209cff303b183bada",
                "sha256:98c2ffeab8b79a4e3a0af5dd9939f92980eb6e3fec10f7f313df5f35a84dacab",
                "sha256:d59bb0e82002ac49f4152963f8a1079e66794a4f454457fd2f0dcc7bf0797d30",
                "sha256:ee59b7bb9eb75932fe3787e54e61c99b628155b0cedc907864f24723ba55b309"
            ],
            "index": "pypi",
            "version": "==3.1.2"
        },
        "more-itertools": {
            "hashes": [
                "sha256:b84b238cce0d9adad5ed87e745778d20a3f8487d0f0cb8b8a586816c7496458d",
                "sha256:c833ef592a0324bcc6a60e48440da07645063c453880c9477ceb22490aec1564"
            ],
            "version": "==8.0.2"
        },
        "nltk": {
            "hashes": [
                "sha256:bed45551259aa2101381bbdd5df37d44ca2669c5c3dad72439fa459b29137d94"
            ],
            "index": "pypi",
            "version": "==3.4.5"
        },
        "numpy": {
            "hashes": [
                "sha256:0a7a1dd123aecc9f0076934288ceed7fd9a81ba3919f11a855a7887cbe82a02f",
                "sha256:0c0763787133dfeec19904c22c7e358b231c87ba3206b211652f8cbe1241deb6",
                "sha256:3d52298d0be333583739f1aec9026f3b09fdfe3ddf7c7028cb16d9d2af1cca7e",
                "sha256:43bb4b70585f1c2d153e45323a886839f98af8bfa810f7014b20be714c37c447",
                "sha256:475963c5b9e116c38ad7347e154e5651d05a2286d86455671f5b1eebba5feb76",
                "sha256:64874913367f18eb3013b16123c9fed113962e75d809fca5b78ebfbb73ed93ba",
                "sha256:683828e50c339fc9e68720396f2de14253992c495fdddef77a1e17de55f1decc",
                "sha256:6ca4000c4a6f95a78c33c7dadbb9495c10880be9c89316aa536eac359ab820ae",
                "sha256:75fd817b7061f6378e4659dd792c84c0b60533e867f83e0d1e52d5d8e53df88c",
                "sha256:7d81d784bdbed30137aca242ab307f3e65c8d93f4c7b7d8f322110b2e90177f9",
                "sha256:8d0af8d3664f142414fd5b15cabfd3b6cc3ef242a3c7a7493257025be5a6955f",
                "sha256:9679831005fb16c6df3dd35d17aa31dc0d4d7573d84f0b44cc481490a65c7725",
                "sha256:a8f67ebfae9f575d85fa859b54d3bdecaeece74e3274b0b5c5f804d7ca789fe1",
                "sha256:acbf5c52db4adb366c064d0b7c7899e3e778d89db585feadd23b06b587d64761",
                "sha256:ada4805ed51f5bcaa3a06d3dd94939351869c095e30a2b54264f5a5004b52170",
                "sha256:c7354e8f0eca5c110b7e978034cd86ed98a7a5ffcf69ca97535445a595e07b8e",
                "sha256:e2e9d8c87120ba2c591f60e32736b82b67f72c37ba88a4c23c81b5b8fa49c018",
                "sha256:e467c57121fe1b78a8f68dd9255fbb3bb3f4f7547c6b9e109f31d14569f490c3",
                "sha256:ede47b98de79565fcd7f2decb475e2dcc85ee4097743e551fe26cfc7eb3ff143",
                "sha256:f58913e9227400f1395c7b800503ebfdb0772f1c33ff8cb4d6451c06cabdf316",
                "sha256:fe39f5fd4103ec4ca3cb8600b19216cd1ff316b4990f4c0b6057ad982c0a34d5"
            ],
            "version": "==1.17.4"
        },
        "packaging": {
            "hashes": [
                "sha256:28b924174df7a2fa32c1953825ff29c61e2f5e082343165438812f00d3a7fc47",
                "sha256:d9551545c6d761f3def1677baf08ab2a3ca17c56879e70fecba2fc4dde4ed108"
            ],
            "version": "==19.2"
        },
        "pluggy": {
            "hashes": [
                "sha256:15b2acde666561e1298d71b523007ed7364de07029219b604cf808bfa1c765b0",
                "sha256:966c145cd83c96502c3c3868f50408687b38434af77734af1e9ca461a4081d2d"
            ],
            "version": "==0.13.1"
        },
        "py": {
            "hashes": [
                "sha256:64f65755aee5b381cea27766a3a147c3f15b9b6b9ac88676de66ba2ae36793fa",
                "sha256:dc639b046a6e2cff5bbe40194ad65936d6ba360b52b3c3fe1d08a82dd50b5e53"
            ],
            "version": "==1.8.0"
        },
        "pyparsing": {
            "hashes": [
                "sha256:20f995ecd72f2a1f4bf6b072b63b22e2eb457836601e76d6e5dfcd75436acc1f",
                "sha256:4ca62001be367f01bd3e92ecbb79070272a9d4964dce6a48a82ff0b8bc7e683a"
            ],
            "version": "==2.4.5"
        },
        "pytest": {
            "hashes": [
                "sha256:6b571215b5a790f9b41f19f3531c53a45cf6bb8ef2988bc1ff9afb38270b25fa",
                "sha256:e41d489ff43948babd0fad7ad5e49b8735d5d55e26628a58673c39ff61d95de4"
            ],
            "index": "pypi",
            "version": "==5.3.2"
        },
        "python-dateutil": {
            "hashes": [
                "sha256:73ebfe9dbf22e832286dafa60473e4cd239f8592f699aa5adaf10050e6e1823c",
                "sha256:75bb3f31ea686f1197762692a9ee6a7550b59fc6ca3a1f4b5d7e32fb98e2da2a"
            ],
            "version": "==2.8.1"
        },
        "scikit-learn": {
            "hashes": [
                "sha256:0098757148ee055796370ca5f4c5887940c46f87a4989f7ca9be6a2c42803ef1",
                "sha256:06b78e6f62b6a89b00acc873ee823c99ddf4ee1d461a02ce0d22276a17d2c13e",
                "sha256:07aaa1d639759ebfa33e747022d3fde880eb4343c6a7ddd916478be3a6b98d67",
                "sha256:087fffad9e7604bbbaa078bdfdf6919a96495f0eb742c70dd900820224c20a0a",
                "sha256:09b81c1145437fd5d25a2e8419621185c22b05450a7c77ad0a568194bbd65963",
                "sha256:1632967d8fbae09e6090ef6bd632681c5fc64b95378a858c59fd37b57357425e",
                "sha256:3004fe60aca1f20b80d13698e5d9123e0d500062b548c733a9f230ab943ce334",
                "sha256:314abf60c073c48a1e95feaae9f3ca47a2139bd77cebb5b877c23a45c9e03012",
                "sha256:594e693aef1dca29ab5823781f8db15815f257295cff52868f0602553ee5c66b",
                "sha256:5e426ed57851e60d2edb63a60888cc85e47b129f69f9c26eb872d8b7581c4c63",
                "sha256:63b7c4ddd5a6ed504ee7a6d2670dc8df478b70c4e31a2d165de82c4d6f4b6e1b",
                "sha256:8049f6330bbd1f8dd8db587fbfb69f8150efb36a22ddb4d178a0479c027496c5",
                "sha256:8509da5e03155c872d2e646763f4d42cfbdbd460dad9b803dba7602c32b7a605",
                "sha256:8c524b4567bb4d5ea172aa0d8212fe1b06898c4ad130ac443bbe0e5f4bd9d104",
                "sha256:ab3f791d5663bcc8137ea2339cbbd81907d2c7f51da6ef0402a6a37ef74bd857",
                "sha256:ac81facbda6ac2296e5d7b7518dc15d93858fda34f7d7877a5e9bbc2c8b0b5aa",
                "sha256:bc48a36424a6af3c353827a5d68abdad132f5ca843d721852fdf8b2e8d6277d3",
                "sha256:c252cfb331e15188d731253cffaa04a87fb0ea7aad5bff9f85229b5b883c8290",
                "sha256:ca60076ba9e38ed936a0e7fb5a0d18cffe375840d9dc4e562df7e0f5ee066d4d",
                "sha256:df3111e9a6d1b5009b45d10e98276e1e7fafefc538a6496e4e80042bba27cf68",
                "sha256:e321baa1210d20ac9751f4f8ec5e64affc44c93992a7e61611663884cd3e4b5a"
            ],
            "index": "pypi",
            "version": "==0.22"
        },
        "scipy": {
            "hashes": [
                "sha256:00af72998a46c25bdb5824d2b729e7dabec0c765f9deb0b504f928591f5ff9d4",
                "sha256:0902a620a381f101e184a958459b36d3ee50f5effd186db76e131cbefcbb96f7",
                "sha256:1e3190466d669d658233e8a583b854f6386dd62d655539b77b3fa25bfb2abb70",
                "sha256:2cce3f9847a1a51019e8c5b47620da93950e58ebc611f13e0d11f4980ca5fecb",
                "sha256:3092857f36b690a321a662fe5496cb816a7f4eecd875e1d36793d92d3f884073",
                "sha256:386086e2972ed2db17cebf88610aab7d7f6e2c0ca30042dc9a89cf18dcc363fa",
                "sha256:71eb180f22c49066f25d6df16f8709f215723317cc951d99e54dc88020ea57be",
                "sha256:770254a280d741dd3436919d47e35712fb081a6ff8bafc0f319382b954b77802",
                "sha256:787cc50cab3020a865640aba3485e9fbd161d4d3b0d03a967df1a2881320512d",
                "sha256:8a07760d5c7f3a92e440ad3aedcc98891e915ce857664282ae3c0220f3301eb6",
                "sha256:8d3bc3993b8e4be7eade6dcc6fd59a412d96d3a33fa42b0fa45dc9e24495ede9",
                "sha256:9508a7c628a165c2c835f2497837bf6ac80eb25291055f56c129df3c943cbaf8",
                "sha256:a144811318853a23d32a07bc7fd5561ff0cac5da643d96ed94a4ffe967d89672",
                "sha256:a1aae70d52d0b074d8121333bc807a485f9f1e6a69742010b33780df2e60cfe0",
                "sha256:a2d6df9eb074af7f08866598e4ef068a2b310d98f87dc23bd1b90ec7bdcec802",
                "sha256:bb517872058a1f087c4528e7429b4a44533a902644987e7b2fe35ecc223bc408",
                "sha256:c5cac0c0387272ee0e789e94a570ac51deb01c796b37fb2aad1fb13f85e2f97d",
                "sha256:cc971a82ea1170e677443108703a2ec9ff0f70752258d0e9f5433d00dda01f59",
                "sha256:dba8306f6da99e37ea08c08fef6e274b5bf8567bb094d1dbe86a20e532aca088",
                "sha256:dc60bb302f48acf6da8ca4444cfa17d52c63c5415302a9ee77b3b21618090521",
                "sha256:dee1bbf3a6c8f73b6b218cb28eed8dd13347ea2f87d572ce19b289d6fd3fbc59"
            ],
            "version": "==1.4.1"
        },
        "six": {
            "hashes": [
                "sha256:1f1b7d42e254082a9db6279deae68afb421ceba6158efa6131de7b3003ee93fd",
                "sha256:30f610279e8b2578cab6db20741130331735c781b56053c59c4076da27f06b66"
            ],
            "version": "==1.13.0"
        },
        "wcwidth": {
            "hashes": [
                "sha256:3df37372226d6e63e1b1e1eda15c594bca98a22d33a23832a90998faa96bc65e",
                "sha256:f4ebe71925af7b40a864553f761ed559b43544f8f71746c2d756c7fe788ade7c"
            ],
            "version": "==0.1.7"
        },
        "zipp": {
            "hashes": [
                "sha256:3718b1cbcd963c7d4c5511a8240812904164b7f381b647143a89d3b98f9bcd8e",
                "sha256:f06903e9f1f43b12d371004b4ac7b06ab39a44adc747266928ae6debfa7b3335"
            ],
            "version": "==0.6.0"
        }
    },
    "develop": {
        "attrs": {
            "hashes": [
                "sha256:08a96c641c3a74e44eb59afb61a24f2cb9f4d7188748e76ba4bb5edfa3cb7d1c",
                "sha256:f7b7ce16570fe9965acd6d30101a28f62fb4a7f9e926b3bbc9b61f8b04247e72"
            ],
            "version": "==19.3.0"
        },
        "coverage": {
            "hashes": [
                "sha256:0cd13a6e98c37b510a2d34c8281d5e1a226aaf9b65b7d770ef03c63169965351",
                "sha256:1a4b6b6a2a3a6612e6361130c2cc3dc4378d8c221752b96167ccbad94b47f3cd",
                "sha256:2ee55e6dba516ddf6f484aa83ccabbb0adf45a18892204c23486938d12258cde",
                "sha256:3be5338a2eb4ef03c57f20917e1d12a1fd10e3853fed060b6d6b677cb3745898",
                "sha256:44b783b02db03c4777d8cf71bae19eadc171a6f2a96777d916b2c30a1eb3d070",
                "sha256:475bf7c4252af0a56e1abba9606f1e54127cdf122063095c75ab04f6f99cf45e",
                "sha256:47c81ee687eafc2f1db7f03fbe99aab81330565ebc62fb3b61edfc2216a550c8",
                "sha256:4a7f8e72b18f2aca288ff02255ce32cc830bc04d993efbc87abf6beddc9e56c0",
                "sha256:50197163a22fd17f79086e087a787883b3ec9280a509807daf158dfc2a7ded02",
                "sha256:56b13000acf891f700f5067512b804d1ec8c301d627486c678b903859d07f798",
                "sha256:79388ae29c896299b3567965dbcd93255f175c17c6c7bca38614d12718c47466",
                "sha256:79fd5d3d62238c4f583b75d48d53cdae759fe04d4fb18fe8b371d88ad2b6f8be",
                "sha256:7fe3e2fde2bf1d7ce25ebcd2d3de3650b8d60d9a73ce6dcef36e20191291613d",
                "sha256:81042a24f67b96e4287774014fa27220d8a4d91af1043389e4d73892efc89ac6",
                "sha256:81326f1095c53111f8afc95da281e1414185f4a538609a77ca50bdfa39a6c207",
                "sha256:8873dc0d8f42142ea9f20c27bbdc485190fff93823c6795be661703369e5877d",
                "sha256:88d2cbcb0a112f47eef71eb95460b6995da18e6f8ca50c264585abc2c473154b",
                "sha256:91f2491aeab9599956c45a77c5666d323efdec790bfe23fcceafcd91105d585a",
                "sha256:979daa8655ae5a51e8e7a24e7d34e250ae8309fd9719490df92cbb2fe2b0422b",
                "sha256:9c871b006c878a890c6e44a5b2f3c6291335324b298c904dc0402ee92ee1f0be",
                "sha256:a6d092545e5af53e960465f652e00efbf5357adad177b2630d63978d85e46a72",
                "sha256:b5ed7837b923d1d71c4f587ae1539ccd96bfd6be9788f507dbe94dab5febbb5d",
                "sha256:ba259f68250f16d2444cbbfaddaa0bb20e1560a4fdaad50bece25c199e6af864",
                "sha256:be1d89614c6b6c36d7578496dc8625123bda2ff44f224cf8b1c45b810ee7383f",
                "sha256:c1b030a79749aa8d1f1486885040114ee56933b15ccfc90049ba266e4aa2139f",
                "sha256:c95bb147fab76f2ecde332d972d8f4138b8f2daee6c466af4ff3b4f29bd4c19e",
                "sha256:d52c1c2d7e856cecc05aa0526453cb14574f821b7f413cc279b9514750d795c1",
                "sha256:d609a6d564ad3d327e9509846c2c47f170456344521462b469e5cb39e48ba31c",
                "sha256:e1bad043c12fb58e8c7d92b3d7f2f49977dcb80a08a6d1e7a5114a11bf819fca",
                "sha256:e5a675f6829c53c87d79117a8eb656cc4a5f8918185a32fc93ba09778e90f6db",
                "sha256:fec32646b98baf4a22fdceb08703965bd16dea09051fbeb31a04b5b6e72b846c"
            ],
            "version": "==5.0"
        },
        "importlib-metadata": {
            "hashes": [
                "sha256:073a852570f92da5f744a3472af1b61e28e9f78ccf0c9117658dc32b15de7b45",
                "sha256:d95141fbfa7ef2ec65cfd945e2af7e5a6ddbd7c8d9a25e66ff3be8e3daf9f60f"
            ],
            "markers": "python_version < '3.8'",
            "version": "==1.3.0"
        },
        "more-itertools": {
            "hashes": [
                "sha256:b84b238cce0d9adad5ed87e745778d20a3f8487d0f0cb8b8a586816c7496458d",
                "sha256:c833ef592a0324bcc6a60e48440da07645063c453880c9477ceb22490aec1564"
            ],
            "version": "==8.0.2"
        },
        "packaging": {
            "hashes": [
                "sha256:28b924174df7a2fa32c1953825ff29c61e2f5e082343165438812f00d3a7fc47",
                "sha256:d9551545c6d761f3def1677baf08ab2a3ca17c56879e70fecba2fc4dde4ed108"
            ],
            "version": "==19.2"
        },
        "pluggy": {
            "hashes": [
                "sha256:15b2acde666561e1298d71b523007ed7364de07029219b604cf808bfa1c765b0",
                "sha256:966c145cd83c96502c3c3868f50408687b38434af77734af1e9ca461a4081d2d"
            ],
            "version": "==0.13.1"
        },
        "py": {
            "hashes": [
                "sha256:64f65755aee5b381cea27766a3a147c3f15b9b6b9ac88676de66ba2ae36793fa",
                "sha256:dc639b046a6e2cff5bbe40194ad65936d6ba360b52b3c3fe1d08a82dd50b5e53"
            ],
            "version": "==1.8.0"
        },
        "pyparsing": {
            "hashes": [
                "sha256:20f995ecd72f2a1f4bf6b072b63b22e2eb457836601e76d6e5dfcd75436acc1f",
                "sha256:4ca62001be367f01bd3e92ecbb79070272a9d4964dce6a48a82ff0b8bc7e683a"
            ],
            "version": "==2.4.5"
        },
        "pytest": {
            "hashes": [
                "sha256:6b571215b5a790f9b41f19f3531c53a45cf6bb8ef2988bc1ff9afb38270b25fa",
                "sha256:e41d489ff43948babd0fad7ad5e49b8735d5d55e26628a58673c39ff61d95de4"
            ],
            "index": "pypi",
            "version": "==5.3.2"
        },
        "pytest-cov": {
            "hashes": [
                "sha256:cc6742d8bac45070217169f5f72ceee1e0e55b0221f54bcf24845972d3a47f2b",
                "sha256:cdbdef4f870408ebdbfeb44e63e07eb18bb4619fae852f6e760645fa36172626"
            ],
            "index": "pypi",
            "version": "==2.8.1"
        },
        "six": {
            "hashes": [
                "sha256:1f1b7d42e254082a9db6279deae68afb421ceba6158efa6131de7b3003ee93fd",
                "sha256:30f610279e8b2578cab6db20741130331735c781b56053c59c4076da27f06b66"
            ],
            "version": "==1.13.0"
        },
        "wcwidth": {
            "hashes": [
                "sha256:3df37372226d6e63e1b1e1eda15c594bca98a22d33a23832a90998faa96bc65e",
                "sha256:f4ebe71925af7b40a864553f761ed559b43544f8f71746c2d756c7fe788ade7c"
            ],
            "version": "==0.1.7"
        },
        "zipp": {
            "hashes": [
                "sha256:3718b1cbcd963c7d4c5511a8240812904164b7f381b647143a89d3b98f9bcd8e",
                "sha256:f06903e9f1f43b12d371004b4ac7b06ab39a44adc747266928ae6debfa7b3335"
            ],
            "version": "==0.6.0"
        }
    }
}
